
Microsoft Visual Studio Solution File, Format Version 12.00
# Visual Studio 15
VisualStudioVersion = 15.0.27130.2036
MinimumVisualStudioVersion = 10.0.40219.1
Project("{FAE04EC0-301F-11D3-BF4B-00C04F79EFBC}") = "FiveSecondsClient.WebUI", "FiveSecondsClient.WebUI\FiveSecondsClient.WebUI.csproj", "{24E08E9A-F894-4ED8-8B0C-89450788419B}"
EndProject
Global
	GlobalSection(SolutionConfigurationPlatforms) = preSolution
		Debug|Any CPU = Debug|Any CPU
		Release|Any CPU = Release|Any CPU
	EndGlobalSection
	GlobalSection(ProjectConfigurationPlatforms) = postSolution
		{24E08E9A-F894-4ED8-8B0C-89450788419B}.Debug|Any CPU.ActiveCfg = Debug|Any CPU
		{24E08E9A-F894-4ED8-8B0C-89450788419B}.Debug|Any CPU.Build.0 = Debug|Any CPU
		{24E08E9A-F894-4ED8-8B0C-89450788419B}.Release|Any CPU.ActiveCfg = Release|Any CPU
		{24E08E9A-F894-4ED8-8B0C-89450788419B}.Release|Any CPU.Build.0 = Release|Any CPU
	EndGlobalSection
	GlobalSection(SolutionProperties) = preSolution
		HideSolutionNode = FALSE
	EndGlobalSection
	GlobalSection(ExtensibilityGlobals) = postSolution
		SolutionGuid = {59C64C95-7ECF-4086-9F7B-ACEF65197773}
	EndGlobalSection
EndGlobal
